
Microsoft Visual Studio Solution File, Format Version 12.00
# Visual Studio Version 16
VisualStudioVersion = 16.0.31410.357
MinimumVisualStudioVersion = 10.0.40219.1
Project("{8BC9CEB8-8B4A-11D0-8D11-00A0C91BC942}") = "B4ngGUI", "B4ngGUI\B4ngGUI.vcxproj", "{944FFD83-08EE-4DE8-9D65-8AF10C797034}"
EndProject
Global
	GlobalSection(SolutionConfigurationPlatforms) = preSolution
		Debug|x64 = Debug|x64
		Debug|x86 = Debug|x86
		Release|x64 = Release|x64
		Release|x86 = Release|x86
	EndGlobalSection
	GlobalSection(ProjectConfigurationPlatforms) = postSolution
		{944FFD83-08EE-4DE8-9D65-8AF10C797034}.Debug|x64.ActiveCfg = Debug|x64
		{944FFD83-08EE-4DE8-9D65-8AF10C797034}.Debug|x64.Build.0 = Debug|x64
		{944FFD83-08EE-4DE8-9D65-8AF10C797034}.Debug|x86.ActiveCfg = Debug|Win32
		{944FFD83-08EE-4DE8-9D65-8AF10C797034}.Debug|x86.Build.0 = Debug|Win32
		{944FFD83-08EE-4DE8-9D65-8AF10C797034}.Release|x64.ActiveCfg = Release|x64
		{944FFD83-08EE-4DE8-9D65-8AF10C797034}.Release|x64.Build.0 = Release|x64
		{944FFD83-08EE-4DE8-9D65-8AF10C797034}.Release|x86.ActiveCfg = Release|Win32
		{944FFD83-08EE-4DE8-9D65-8AF10C797034}.Release|x86.Build.0 = Release|Win32
	EndGlobalSection
	GlobalSection(SolutionProperties) = preSolution
		HideSolutionNode = FALSE
	EndGlobalSection
	GlobalSection(ExtensibilityGlobals) = postSolution
		SolutionGuid = {C3095F09-D137-402B-960B-8C1973A4219D}
	EndGlobalSection
EndGlobal
